
Microsoft Visual Studio Solution File, Format Version 12.00
# Visual Studio Version 16
VisualStudioVersion = 16.0.34407.143
MinimumVisualStudioVersion = 10.0.40219.1
Project("{FAE04EC0-301F-11D3-BF4B-00C04F79EFBC}") = "StuMSystem", "StuMSystem.csproj", "{4D07D7E9-1137-4C09-BB6A-D4F279D8DE30}"
EndProject
Global
	GlobalSection(SolutionConfigurationPlatforms) = preSolution
		Debug|Any CPU = Debug|Any CPU
		Release|Any CPU = Release|Any CPU
	EndGlobalSection
	GlobalSection(ProjectConfigurationPlatforms) = postSolution
		{4D07D7E9-1137-4C09-BB6A-D4F279D8DE30}.Debug|Any CPU.ActiveCfg = Debug|Any CPU
		{4D07D7E9-1137-4C09-BB6A-D4F279D8DE30}.Debug|Any CPU.Build.0 = Debug|Any CPU
		{4D07D7E9-1137-4C09-BB6A-D4F279D8DE30}.Release|Any CPU.ActiveCfg = Release|Any CPU
		{4D07D7E9-1137-4C09-BB6A-D4F279D8DE30}.Release|Any CPU.Build.0 = Release|Any CPU
	EndGlobalSection
	GlobalSection(SolutionProperties) = preSolution
		HideSolutionNode = FALSE
	EndGlobalSection
	GlobalSection(ExtensibilityGlobals) = postSolution
		SolutionGuid = {05B559D6-D7DB-448F-955F-D908DA2AB10C}
	EndGlobalSection
EndGlobal
